
Microsoft Visual Studio Solution File, Format Version 12.00
# Visual Studio Version 16
VisualStudioVersion = 16.0.29609.76
MinimumVisualStudioVersion = 10.0.40219.1
Project("{FAE04EC0-301F-11D3-BF4B-00C04F79EFBC}") = "SQLab", "SQLab.csproj", "{8B6D3D30-97ED-42A3-8C35-D347D7F77D5C}"
EndProject
Project("{FAE04EC0-301F-11D3-BF4B-00C04F79EFBC}") = "SQLab.NUnit", "..\SQLab.NUnit\SQLab.NUnit.csproj", "{77B31793-931F-41CF-B540-A42C095D965F}"
EndProject
Global
	GlobalSection(SolutionConfigurationPlatforms) = preSolution
		Debug|Any CPU = Debug|Any CPU
		Release|Any CPU = Release|Any CPU
	EndGlobalSection
	GlobalSection(ProjectConfigurationPlatforms) = postSolution
		{8B6D3D30-97ED-42A3-8C35-D347D7F77D5C}.Debug|Any CPU.ActiveCfg = Debug|Any CPU
		{8B6D3D30-97ED-42A3-8C35-D347D7F77D5C}.Debug|Any CPU.Build.0 = Debug|Any CPU
		{8B6D3D30-97ED-42A3-8C35-D347D7F77D5C}.Release|Any CPU.ActiveCfg = Release|Any CPU
		{8B6D3D30-97ED-42A3-8C35-D347D7F77D5C}.Release|Any CPU.Build.0 = Release|Any CPU
		{77B31793-931F-41CF-B540-A42C095D965F}.Debug|Any CPU.ActiveCfg = Debug|Any CPU
		{77B31793-931F-41CF-B540-A42C095D965F}.Debug|Any CPU.Build.0 = Debug|Any CPU
		{77B31793-931F-41CF-B540-A42C095D965F}.Release|Any CPU.ActiveCfg = Release|Any CPU
		{77B31793-931F-41CF-B540-A42C095D965F}.Release|Any CPU.Build.0 = Release|Any CPU
	EndGlobalSection
	GlobalSection(SolutionProperties) = preSolution
		HideSolutionNode = FALSE
	EndGlobalSection
	GlobalSection(ExtensibilityGlobals) = postSolution
		SolutionGuid = {B2ECABAF-B76D-4C9C-BD96-7BF5BB773783}
	EndGlobalSection
EndGlobal
